
Microsoft Visual Studio Solution File, Format Version 12.00
# Visual Studio Version 17
VisualStudioVersion = 17.2.32616.157
MinimumVisualStudioVersion = 10.0.40219.1
Project("{9A19103F-16F7-4668-BE54-9A1E7A4F7556}") = "Tutorial_ex", "Tutorial_ex\Tutorial_ex.csproj", "{53A5BDBE-1223-467D-8598-66C5ECB9EFBC}"
EndProject
Global
	GlobalSection(SolutionConfigurationPlatforms) = preSolution
		Debug|Any CPU = Debug|Any CPU
		Release|Any CPU = Release|Any CPU
	EndGlobalSection
	GlobalSection(ProjectConfigurationPlatforms) = postSolution
		{53A5BDBE-1223-467D-8598-66C5ECB9EFBC}.Debug|Any CPU.ActiveCfg = Debug|Any CPU
		{53A5BDBE-1223-467D-8598-66C5ECB9EFBC}.Debug|Any CPU.Build.0 = Debug|Any CPU
		{53A5BDBE-1223-467D-8598-66C5ECB9EFBC}.Release|Any CPU.ActiveCfg = Release|Any CPU
		{53A5BDBE-1223-467D-8598-66C5ECB9EFBC}.Release|Any CPU.Build.0 = Release|Any CPU
	EndGlobalSection
	GlobalSection(SolutionProperties) = preSolution
		HideSolutionNode = FALSE
	EndGlobalSection
	GlobalSection(ExtensibilityGlobals) = postSolution
		SolutionGuid = {5D043CE6-C28A-4BFD-B0AD-308DB08D53DE}
	EndGlobalSection
EndGlobal
